
Microsoft Visual Studio Solution File, Format Version 12.00
# Visual Studio Version 17
VisualStudioVersion = 17.10.34928.147
MinimumVisualStudioVersion = 10.0.40219.1
Project("{FAE04EC0-301F-11D3-BF4B-00C04F79EFBC}") = "Abstraction", "Abstraction.csproj", "{0FF6AD33-45C4-4EDB-8770-16C45AC01364}"
EndProject
Global
	GlobalSection(SolutionConfigurationPlatforms) = preSolution
		Debug|Any CPU = Debug|Any CPU
		Release|Any CPU = Release|Any CPU
	EndGlobalSection
	GlobalSection(ProjectConfigurationPlatforms) = postSolution
		{0FF6AD33-45C4-4EDB-8770-16C45AC01364}.Debug|Any CPU.ActiveCfg = Debug|Any CPU
		{0FF6AD33-45C4-4EDB-8770-16C45AC01364}.Debug|Any CPU.Build.0 = Debug|Any CPU
		{0FF6AD33-45C4-4EDB-8770-16C45AC01364}.Release|Any CPU.ActiveCfg = Release|Any CPU
		{0FF6AD33-45C4-4EDB-8770-16C45AC01364}.Release|Any CPU.Build.0 = Release|Any CPU
	EndGlobalSection
	GlobalSection(SolutionProperties) = preSolution
		HideSolutionNode = FALSE
	EndGlobalSection
	GlobalSection(ExtensibilityGlobals) = postSolution
		SolutionGuid = {64F01603-8F95-4A4A-9B7C-E01E93DCB370}
	EndGlobalSection
EndGlobal
