
Microsoft Visual Studio Solution File, Format Version 12.00
# Visual Studio Version 17
VisualStudioVersion = 17.10.34928.147
MinimumVisualStudioVersion = 10.0.40219.1
Project("{FAE04EC0-301F-11D3-BF4B-00C04F79EFBC}") = "Polymorphism", "Polymorphism.csproj", "{96C9F724-F2A9-4F59-9140-5A1664DCB7A8}"
EndProject
Global
	GlobalSection(SolutionConfigurationPlatforms) = preSolution
		Debug|Any CPU = Debug|Any CPU
		Release|Any CPU = Release|Any CPU
	EndGlobalSection
	GlobalSection(ProjectConfigurationPlatforms) = postSolution
		{96C9F724-F2A9-4F59-9140-5A1664DCB7A8}.Debug|Any CPU.ActiveCfg = Debug|Any CPU
		{96C9F724-F2A9-4F59-9140-5A1664DCB7A8}.Debug|Any CPU.Build.0 = Debug|Any CPU
		{96C9F724-F2A9-4F59-9140-5A1664DCB7A8}.Release|Any CPU.ActiveCfg = Release|Any CPU
		{96C9F724-F2A9-4F59-9140-5A1664DCB7A8}.Release|Any CPU.Build.0 = Release|Any CPU
	EndGlobalSection
	GlobalSection(SolutionProperties) = preSolution
		HideSolutionNode = FALSE
	EndGlobalSection
	GlobalSection(ExtensibilityGlobals) = postSolution
		SolutionGuid = {65AB40CC-E210-4F82-B853-804B99D90E04}
	EndGlobalSection
EndGlobal
