
Microsoft Visual Studio Solution File, Format Version 12.00
# Visual Studio Version 17
VisualStudioVersion = 17.11.35327.3
MinimumVisualStudioVersion = 10.0.40219.1
Project("{FAE04EC0-301F-11D3-BF4B-00C04F79EFBC}") = "PersonManager", "PersonManager.csproj", "{8864C10C-F08D-4B17-8B0A-71BAC9329204}"
EndProject
Global
	GlobalSection(SolutionConfigurationPlatforms) = preSolution
		Debug|Any CPU = Debug|Any CPU
		Release|Any CPU = Release|Any CPU
	EndGlobalSection
	GlobalSection(ProjectConfigurationPlatforms) = postSolution
		{8864C10C-F08D-4B17-8B0A-71BAC9329204}.Debug|Any CPU.ActiveCfg = Debug|Any CPU
		{8864C10C-F08D-4B17-8B0A-71BAC9329204}.Debug|Any CPU.Build.0 = Debug|Any CPU
		{8864C10C-F08D-4B17-8B0A-71BAC9329204}.Release|Any CPU.ActiveCfg = Release|Any CPU
		{8864C10C-F08D-4B17-8B0A-71BAC9329204}.Release|Any CPU.Build.0 = Release|Any CPU
	EndGlobalSection
	GlobalSection(SolutionProperties) = preSolution
		HideSolutionNode = FALSE
	EndGlobalSection
	GlobalSection(ExtensibilityGlobals) = postSolution
		SolutionGuid = {EB045C78-5924-41D8-91A2-E5D309A3753C}
	EndGlobalSection
EndGlobal
