
Microsoft Visual Studio Solution File, Format Version 12.00
# Visual Studio Version 17
VisualStudioVersion = 17.9.34728.123
MinimumVisualStudioVersion = 10.0.40219.1
Project("{FAE04EC0-301F-11D3-BF4B-00C04F79EFBC}") = "wordSynonyms", "wordSynonyms.csproj", "{4816FA52-D67B-43B9-A56B-1019FB4256D6}"
EndProject
Global
	GlobalSection(SolutionConfigurationPlatforms) = preSolution
		Debug|Any CPU = Debug|Any CPU
		Release|Any CPU = Release|Any CPU
	EndGlobalSection
	GlobalSection(ProjectConfigurationPlatforms) = postSolution
		{4816FA52-D67B-43B9-A56B-1019FB4256D6}.Debug|Any CPU.ActiveCfg = Debug|Any CPU
		{4816FA52-D67B-43B9-A56B-1019FB4256D6}.Debug|Any CPU.Build.0 = Debug|Any CPU
		{4816FA52-D67B-43B9-A56B-1019FB4256D6}.Release|Any CPU.ActiveCfg = Release|Any CPU
		{4816FA52-D67B-43B9-A56B-1019FB4256D6}.Release|Any CPU.Build.0 = Release|Any CPU
	EndGlobalSection
	GlobalSection(SolutionProperties) = preSolution
		HideSolutionNode = FALSE
	EndGlobalSection
	GlobalSection(ExtensibilityGlobals) = postSolution
		SolutionGuid = {DC6DBBDD-702B-4927-ABEC-7D86DA78AA4B}
	EndGlobalSection
EndGlobal
