
Microsoft Visual Studio Solution File, Format Version 12.00
# Visual Studio Version 17
VisualStudioVersion = 17.10.34928.147
MinimumVisualStudioVersion = 10.0.40219.1
Project("{FAE04EC0-301F-11D3-BF4B-00C04F79EFBC}") = "Yearbook", "Yearbook.csproj", "{4545DF22-F3D0-4D63-B7FF-082E08DED6F3}"
EndProject
Global
	GlobalSection(SolutionConfigurationPlatforms) = preSolution
		Debug|Any CPU = Debug|Any CPU
		Release|Any CPU = Release|Any CPU
	EndGlobalSection
	GlobalSection(ProjectConfigurationPlatforms) = postSolution
		{4545DF22-F3D0-4D63-B7FF-082E08DED6F3}.Debug|Any CPU.ActiveCfg = Debug|Any CPU
		{4545DF22-F3D0-4D63-B7FF-082E08DED6F3}.Debug|Any CPU.Build.0 = Debug|Any CPU
		{4545DF22-F3D0-4D63-B7FF-082E08DED6F3}.Release|Any CPU.ActiveCfg = Release|Any CPU
		{4545DF22-F3D0-4D63-B7FF-082E08DED6F3}.Release|Any CPU.Build.0 = Release|Any CPU
	EndGlobalSection
	GlobalSection(SolutionProperties) = preSolution
		HideSolutionNode = FALSE
	EndGlobalSection
	GlobalSection(ExtensibilityGlobals) = postSolution
		SolutionGuid = {A061646A-51C0-4208-9CD4-29D43C363D3D}
	EndGlobalSection
EndGlobal
