
Microsoft Visual Studio Solution File, Format Version 12.00
# Visual Studio Version 17
VisualStudioVersion = 17.10.34928.147
MinimumVisualStudioVersion = 10.0.40219.1
Project("{FAE04EC0-301F-11D3-BF4B-00C04F79EFBC}") = "Employee.Hierarchy", "Employee.Hierarchy.csproj", "{100CFC39-9766-4EF0-9DF5-1601E0E7EFDB}"
EndProject
Global
	GlobalSection(SolutionConfigurationPlatforms) = preSolution
		Debug|Any CPU = Debug|Any CPU
		Release|Any CPU = Release|Any CPU
	EndGlobalSection
	GlobalSection(ProjectConfigurationPlatforms) = postSolution
		{100CFC39-9766-4EF0-9DF5-1601E0E7EFDB}.Debug|Any CPU.ActiveCfg = Debug|Any CPU
		{100CFC39-9766-4EF0-9DF5-1601E0E7EFDB}.Debug|Any CPU.Build.0 = Debug|Any CPU
		{100CFC39-9766-4EF0-9DF5-1601E0E7EFDB}.Release|Any CPU.ActiveCfg = Release|Any CPU
		{100CFC39-9766-4EF0-9DF5-1601E0E7EFDB}.Release|Any CPU.Build.0 = Release|Any CPU
	EndGlobalSection
	GlobalSection(SolutionProperties) = preSolution
		HideSolutionNode = FALSE
	EndGlobalSection
	GlobalSection(ExtensibilityGlobals) = postSolution
		SolutionGuid = {EAC24066-3958-4BA9-BC08-6F4597D19E1C}
	EndGlobalSection
EndGlobal
