
Microsoft Visual Studio Solution File, Format Version 12.00
# Visual Studio Version 17
VisualStudioVersion = 17.1.32328.378
MinimumVisualStudioVersion = 10.0.40219.1
Project("{FAE04EC0-301F-11D3-BF4B-00C04F79EFBC}") = "SmallestNumInArr", "SmallestNumInArr\SmallestNumInArr.csproj", "{1AC44BF3-8528-45F8-BB27-3F78644B386A}"
EndProject
Global
	GlobalSection(SolutionConfigurationPlatforms) = preSolution
		Debug|Any CPU = Debug|Any CPU
		Release|Any CPU = Release|Any CPU
	EndGlobalSection
	GlobalSection(ProjectConfigurationPlatforms) = postSolution
		{1AC44BF3-8528-45F8-BB27-3F78644B386A}.Debug|Any CPU.ActiveCfg = Debug|Any CPU
		{1AC44BF3-8528-45F8-BB27-3F78644B386A}.Debug|Any CPU.Build.0 = Debug|Any CPU
		{1AC44BF3-8528-45F8-BB27-3F78644B386A}.Release|Any CPU.ActiveCfg = Release|Any CPU
		{1AC44BF3-8528-45F8-BB27-3F78644B386A}.Release|Any CPU.Build.0 = Release|Any CPU
	EndGlobalSection
	GlobalSection(SolutionProperties) = preSolution
		HideSolutionNode = FALSE
	EndGlobalSection
	GlobalSection(ExtensibilityGlobals) = postSolution
		SolutionGuid = {A581C91E-924B-42B3-AC73-FC749FA0E6FD}
	EndGlobalSection
EndGlobal
