
Microsoft Visual Studio Solution File, Format Version 12.00
# Visual Studio Version 17
VisualStudioVersion = 17.10.34928.147
MinimumVisualStudioVersion = 10.0.40219.1
Project("{FAE04EC0-301F-11D3-BF4B-00C04F79EFBC}") = "Enums", "Enums.csproj", "{1FAD5624-7187-4CA0-9CAE-398AF5D4AD2B}"
EndProject
Global
	GlobalSection(SolutionConfigurationPlatforms) = preSolution
		Debug|Any CPU = Debug|Any CPU
		Release|Any CPU = Release|Any CPU
	EndGlobalSection
	GlobalSection(ProjectConfigurationPlatforms) = postSolution
		{1FAD5624-7187-4CA0-9CAE-398AF5D4AD2B}.Debug|Any CPU.ActiveCfg = Debug|Any CPU
		{1FAD5624-7187-4CA0-9CAE-398AF5D4AD2B}.Debug|Any CPU.Build.0 = Debug|Any CPU
		{1FAD5624-7187-4CA0-9CAE-398AF5D4AD2B}.Release|Any CPU.ActiveCfg = Release|Any CPU
		{1FAD5624-7187-4CA0-9CAE-398AF5D4AD2B}.Release|Any CPU.Build.0 = Release|Any CPU
	EndGlobalSection
	GlobalSection(SolutionProperties) = preSolution
		HideSolutionNode = FALSE
	EndGlobalSection
	GlobalSection(ExtensibilityGlobals) = postSolution
		SolutionGuid = {65E1952F-2975-4C91-A1F7-33B6FC1C2640}
	EndGlobalSection
EndGlobal
