
Microsoft Visual Studio Solution File, Format Version 12.00
# Visual Studio Version 17
VisualStudioVersion = 17.10.34928.147
MinimumVisualStudioVersion = 10.0.40219.1
Project("{FAE04EC0-301F-11D3-BF4B-00C04F79EFBC}") = "studentSubjects", "studentSubjects.csproj", "{92CE12B8-3A9D-4E1B-A037-3713736B77B7}"
EndProject
Global
	GlobalSection(SolutionConfigurationPlatforms) = preSolution
		Debug|Any CPU = Debug|Any CPU
		Release|Any CPU = Release|Any CPU
	EndGlobalSection
	GlobalSection(ProjectConfigurationPlatforms) = postSolution
		{92CE12B8-3A9D-4E1B-A037-3713736B77B7}.Debug|Any CPU.ActiveCfg = Debug|Any CPU
		{92CE12B8-3A9D-4E1B-A037-3713736B77B7}.Debug|Any CPU.Build.0 = Debug|Any CPU
		{92CE12B8-3A9D-4E1B-A037-3713736B77B7}.Release|Any CPU.ActiveCfg = Release|Any CPU
		{92CE12B8-3A9D-4E1B-A037-3713736B77B7}.Release|Any CPU.Build.0 = Release|Any CPU
	EndGlobalSection
	GlobalSection(SolutionProperties) = preSolution
		HideSolutionNode = FALSE
	EndGlobalSection
	GlobalSection(ExtensibilityGlobals) = postSolution
		SolutionGuid = {DD9248DF-B3C1-439D-8AEC-001123003D0C}
	EndGlobalSection
EndGlobal
