
Microsoft Visual Studio Solution File, Format Version 12.00
# Visual Studio Version 17
VisualStudioVersion = 17.10.34928.147
MinimumVisualStudioVersion = 10.0.40219.1
Project("{9A19103F-16F7-4668-BE54-9A1E7A4F7556}") = "Lab.Inheritence.Ex4", "Lab.Inheritence.Ex4.csproj", "{546F5CC6-5255-48A8-A45C-8349BD37CCC6}"
EndProject
Global
	GlobalSection(SolutionConfigurationPlatforms) = preSolution
		Debug|Any CPU = Debug|Any CPU
		Release|Any CPU = Release|Any CPU
	EndGlobalSection
	GlobalSection(ProjectConfigurationPlatforms) = postSolution
		{546F5CC6-5255-48A8-A45C-8349BD37CCC6}.Debug|Any CPU.ActiveCfg = Debug|Any CPU
		{546F5CC6-5255-48A8-A45C-8349BD37CCC6}.Debug|Any CPU.Build.0 = Debug|Any CPU
		{546F5CC6-5255-48A8-A45C-8349BD37CCC6}.Release|Any CPU.ActiveCfg = Release|Any CPU
		{546F5CC6-5255-48A8-A45C-8349BD37CCC6}.Release|Any CPU.Build.0 = Release|Any CPU
	EndGlobalSection
	GlobalSection(SolutionProperties) = preSolution
		HideSolutionNode = FALSE
	EndGlobalSection
	GlobalSection(ExtensibilityGlobals) = postSolution
		SolutionGuid = {A92099A2-13CD-486D-BE0A-264B12B1C344}
	EndGlobalSection
EndGlobal
