
Microsoft Visual Studio Solution File, Format Version 12.00
# Visual Studio Version 17
VisualStudioVersion = 17.11.35312.102
MinimumVisualStudioVersion = 10.0.40219.1
Project("{FAE04EC0-301F-11D3-BF4B-00C04F79EFBC}") = "InventorySystem", "InventorySystem.csproj", "{0CD5C57C-19BA-44AF-BFAB-D013D410283C}"
EndProject
Global
	GlobalSection(SolutionConfigurationPlatforms) = preSolution
		Debug|Any CPU = Debug|Any CPU
		Release|Any CPU = Release|Any CPU
	EndGlobalSection
	GlobalSection(ProjectConfigurationPlatforms) = postSolution
		{0CD5C57C-19BA-44AF-BFAB-D013D410283C}.Debug|Any CPU.ActiveCfg = Debug|Any CPU
		{0CD5C57C-19BA-44AF-BFAB-D013D410283C}.Debug|Any CPU.Build.0 = Debug|Any CPU
		{0CD5C57C-19BA-44AF-BFAB-D013D410283C}.Release|Any CPU.ActiveCfg = Release|Any CPU
		{0CD5C57C-19BA-44AF-BFAB-D013D410283C}.Release|Any CPU.Build.0 = Release|Any CPU
	EndGlobalSection
	GlobalSection(SolutionProperties) = preSolution
		HideSolutionNode = FALSE
	EndGlobalSection
	GlobalSection(ExtensibilityGlobals) = postSolution
		SolutionGuid = {1F543E50-D51D-4A64-96CA-8DAD682A1E92}
	EndGlobalSection
EndGlobal
