
Microsoft Visual Studio Solution File, Format Version 12.00
# Visual Studio Version 17
VisualStudioVersion = 17.10.34928.147
MinimumVisualStudioVersion = 10.0.40219.1
Project("{FAE04EC0-301F-11D3-BF4B-00C04F79EFBC}") = "DiceMiniGame", "DiceMiniGame.csproj", "{421ED1A1-2B84-4D84-A70C-69B2F6E20BCC}"
EndProject
Global
	GlobalSection(SolutionConfigurationPlatforms) = preSolution
		Debug|Any CPU = Debug|Any CPU
		Release|Any CPU = Release|Any CPU
	EndGlobalSection
	GlobalSection(ProjectConfigurationPlatforms) = postSolution
		{421ED1A1-2B84-4D84-A70C-69B2F6E20BCC}.Debug|Any CPU.ActiveCfg = Debug|Any CPU
		{421ED1A1-2B84-4D84-A70C-69B2F6E20BCC}.Debug|Any CPU.Build.0 = Debug|Any CPU
		{421ED1A1-2B84-4D84-A70C-69B2F6E20BCC}.Release|Any CPU.ActiveCfg = Release|Any CPU
		{421ED1A1-2B84-4D84-A70C-69B2F6E20BCC}.Release|Any CPU.Build.0 = Release|Any CPU
	EndGlobalSection
	GlobalSection(SolutionProperties) = preSolution
		HideSolutionNode = FALSE
	EndGlobalSection
	GlobalSection(ExtensibilityGlobals) = postSolution
		SolutionGuid = {3534DFA1-1994-406B-8251-2D36CD333B34}
	EndGlobalSection
EndGlobal
