
Microsoft Visual Studio Solution File, Format Version 12.00
# Visual Studio Version 17
VisualStudioVersion = 17.1.32328.378
MinimumVisualStudioVersion = 10.0.40219.1
Project("{9A19103F-16F7-4668-BE54-9A1E7A4F7556}") = "BasketballPoints", "BasketballPoints.csproj", "{FF422ACA-528A-4A36-B8DC-6E59B1322453}"
EndProject
Project("{FAE04EC0-301F-11D3-BF4B-00C04F79EFBC}") = "AreaofTriangle", "..\AreaofTriangle\AreaofTriangle.csproj", "{3DE8DFAB-6133-4D99-A9F5-C7B6F130CD08}"
EndProject
Project("{FAE04EC0-301F-11D3-BF4B-00C04F79EFBC}") = "ReturnSomethingToMe", "..\ReturnSomethingToMe\ReturnSomethingToMe.csproj", "{A376F331-FE6A-4832-A94A-6DEC768E6C9F}"
EndProject
Project("{FAE04EC0-301F-11D3-BF4B-00C04F79EFBC}") = "CircuitPowerCalculator", "..\CircuitPowerCalculator\CircuitPowerCalculator.csproj", "{D6E6B2C6-9632-4A3B-8AEA-30887510565C}"
EndProject
Project("{FAE04EC0-301F-11D3-BF4B-00C04F79EFBC}") = "FlipTheBoolean", "..\FlipTheBoolean\FlipTheBoolean.csproj", "{2447C9B1-796F-49DE-9455-CE68A808CF8D}"
EndProject
Global
	GlobalSection(SolutionConfigurationPlatforms) = preSolution
		Debug|Any CPU = Debug|Any CPU
		Release|Any CPU = Release|Any CPU
	EndGlobalSection
	GlobalSection(ProjectConfigurationPlatforms) = postSolution
		{FF422ACA-528A-4A36-B8DC-6E59B1322453}.Debug|Any CPU.ActiveCfg = Debug|Any CPU
		{FF422ACA-528A-4A36-B8DC-6E59B1322453}.Debug|Any CPU.Build.0 = Debug|Any CPU
		{FF422ACA-528A-4A36-B8DC-6E59B1322453}.Release|Any CPU.ActiveCfg = Release|Any CPU
		{FF422ACA-528A-4A36-B8DC-6E59B1322453}.Release|Any CPU.Build.0 = Release|Any CPU
		{3DE8DFAB-6133-4D99-A9F5-C7B6F130CD08}.Debug|Any CPU.ActiveCfg = Debug|Any CPU
		{3DE8DFAB-6133-4D99-A9F5-C7B6F130CD08}.Debug|Any CPU.Build.0 = Debug|Any CPU
		{3DE8DFAB-6133-4D99-A9F5-C7B6F130CD08}.Release|Any CPU.ActiveCfg = Release|Any CPU
		{3DE8DFAB-6133-4D99-A9F5-C7B6F130CD08}.Release|Any CPU.Build.0 = Release|Any CPU
		{A376F331-FE6A-4832-A94A-6DEC768E6C9F}.Debug|Any CPU.ActiveCfg = Debug|Any CPU
		{A376F331-FE6A-4832-A94A-6DEC768E6C9F}.Debug|Any CPU.Build.0 = Debug|Any CPU
		{A376F331-FE6A-4832-A94A-6DEC768E6C9F}.Release|Any CPU.ActiveCfg = Release|Any CPU
		{A376F331-FE6A-4832-A94A-6DEC768E6C9F}.Release|Any CPU.Build.0 = Release|Any CPU
		{D6E6B2C6-9632-4A3B-8AEA-30887510565C}.Debug|Any CPU.ActiveCfg = Debug|Any CPU
		{D6E6B2C6-9632-4A3B-8AEA-30887510565C}.Debug|Any CPU.Build.0 = Debug|Any CPU
		{D6E6B2C6-9632-4A3B-8AEA-30887510565C}.Release|Any CPU.ActiveCfg = Release|Any CPU
		{D6E6B2C6-9632-4A3B-8AEA-30887510565C}.Release|Any CPU.Build.0 = Release|Any CPU
		{2447C9B1-796F-49DE-9455-CE68A808CF8D}.Debug|Any CPU.ActiveCfg = Debug|Any CPU
		{2447C9B1-796F-49DE-9455-CE68A808CF8D}.Debug|Any CPU.Build.0 = Debug|Any CPU
		{2447C9B1-796F-49DE-9455-CE68A808CF8D}.Release|Any CPU.ActiveCfg = Release|Any CPU
		{2447C9B1-796F-49DE-9455-CE68A808CF8D}.Release|Any CPU.Build.0 = Release|Any CPU
	EndGlobalSection
	GlobalSection(SolutionProperties) = preSolution
		HideSolutionNode = FALSE
	EndGlobalSection
	GlobalSection(ExtensibilityGlobals) = postSolution
		SolutionGuid = {A339C4BE-4A27-48D3-B74C-E6D5B0EA11AE}
	EndGlobalSection
EndGlobal
