
Microsoft Visual Studio Solution File, Format Version 12.00
# Visual Studio Version 17
VisualStudioVersion = 17.1.32328.378
MinimumVisualStudioVersion = 10.0.40219.1
Project("{FAE04EC0-301F-11D3-BF4B-00C04F79EFBC}") = "FruitSmoothie", "FruitSmoothie.csproj", "{80586F8D-7BA9-457B-B6DE-07B30B88E97E}"
EndProject
Global
	GlobalSection(SolutionConfigurationPlatforms) = preSolution
		Debug|Any CPU = Debug|Any CPU
		Release|Any CPU = Release|Any CPU
	EndGlobalSection
	GlobalSection(ProjectConfigurationPlatforms) = postSolution
		{80586F8D-7BA9-457B-B6DE-07B30B88E97E}.Debug|Any CPU.ActiveCfg = Debug|Any CPU
		{80586F8D-7BA9-457B-B6DE-07B30B88E97E}.Debug|Any CPU.Build.0 = Debug|Any CPU
		{80586F8D-7BA9-457B-B6DE-07B30B88E97E}.Release|Any CPU.ActiveCfg = Release|Any CPU
		{80586F8D-7BA9-457B-B6DE-07B30B88E97E}.Release|Any CPU.Build.0 = Release|Any CPU
	EndGlobalSection
	GlobalSection(SolutionProperties) = preSolution
		HideSolutionNode = FALSE
	EndGlobalSection
	GlobalSection(ExtensibilityGlobals) = postSolution
		SolutionGuid = {F9EB7A5C-5D3B-4CEE-B8A6-63480E436B14}
	EndGlobalSection
EndGlobal
