
Microsoft Visual Studio Solution File, Format Version 12.00
# Visual Studio Version 17
VisualStudioVersion = 17.10.34928.147
MinimumVisualStudioVersion = 10.0.40219.1
Project("{FAE04EC0-301F-11D3-BF4B-00C04F79EFBC}") = "IndexOf", "IndexOf.csproj", "{0B61F83C-9B72-489B-BED8-2F93AB36BF83}"
EndProject
Global
	GlobalSection(SolutionConfigurationPlatforms) = preSolution
		Debug|Any CPU = Debug|Any CPU
		Release|Any CPU = Release|Any CPU
	EndGlobalSection
	GlobalSection(ProjectConfigurationPlatforms) = postSolution
		{0B61F83C-9B72-489B-BED8-2F93AB36BF83}.Debug|Any CPU.ActiveCfg = Debug|Any CPU
		{0B61F83C-9B72-489B-BED8-2F93AB36BF83}.Debug|Any CPU.Build.0 = Debug|Any CPU
		{0B61F83C-9B72-489B-BED8-2F93AB36BF83}.Release|Any CPU.ActiveCfg = Release|Any CPU
		{0B61F83C-9B72-489B-BED8-2F93AB36BF83}.Release|Any CPU.Build.0 = Release|Any CPU
	EndGlobalSection
	GlobalSection(SolutionProperties) = preSolution
		HideSolutionNode = FALSE
	EndGlobalSection
	GlobalSection(ExtensibilityGlobals) = postSolution
		SolutionGuid = {86B3AF45-638F-4682-9B74-C435066488BC}
	EndGlobalSection
EndGlobal
