
Microsoft Visual Studio Solution File, Format Version 12.00
# Visual Studio Version 17
VisualStudioVersion = 17.9.34728.123
MinimumVisualStudioVersion = 10.0.40219.1
Project("{FAE04EC0-301F-11D3-BF4B-00C04F79EFBC}") = "ReverseArrV2", "ReverseArrV2.csproj", "{874A32F9-21F7-4061-B940-50837AD72F25}"
EndProject
Global
	GlobalSection(SolutionConfigurationPlatforms) = preSolution
		Debug|Any CPU = Debug|Any CPU
		Release|Any CPU = Release|Any CPU
	EndGlobalSection
	GlobalSection(ProjectConfigurationPlatforms) = postSolution
		{874A32F9-21F7-4061-B940-50837AD72F25}.Debug|Any CPU.ActiveCfg = Debug|Any CPU
		{874A32F9-21F7-4061-B940-50837AD72F25}.Debug|Any CPU.Build.0 = Debug|Any CPU
		{874A32F9-21F7-4061-B940-50837AD72F25}.Release|Any CPU.ActiveCfg = Release|Any CPU
		{874A32F9-21F7-4061-B940-50837AD72F25}.Release|Any CPU.Build.0 = Release|Any CPU
	EndGlobalSection
	GlobalSection(SolutionProperties) = preSolution
		HideSolutionNode = FALSE
	EndGlobalSection
	GlobalSection(ExtensibilityGlobals) = postSolution
		SolutionGuid = {9E1A4E16-3DF2-4F8B-81BA-8195E46C3BA2}
	EndGlobalSection
EndGlobal
