
Microsoft Visual Studio Solution File, Format Version 12.00
# Visual Studio Version 17
VisualStudioVersion = 17.11.35312.102
MinimumVisualStudioVersion = 10.0.40219.1
Project("{FAE04EC0-301F-11D3-BF4B-00C04F79EFBC}") = "LibrarySystem", "LibrarySystem.csproj", "{C98115AC-8573-4E14-886D-50C3D24D594F}"
EndProject
Global
	GlobalSection(SolutionConfigurationPlatforms) = preSolution
		Debug|Any CPU = Debug|Any CPU
		Release|Any CPU = Release|Any CPU
	EndGlobalSection
	GlobalSection(ProjectConfigurationPlatforms) = postSolution
		{C98115AC-8573-4E14-886D-50C3D24D594F}.Debug|Any CPU.ActiveCfg = Debug|Any CPU
		{C98115AC-8573-4E14-886D-50C3D24D594F}.Debug|Any CPU.Build.0 = Debug|Any CPU
		{C98115AC-8573-4E14-886D-50C3D24D594F}.Release|Any CPU.ActiveCfg = Release|Any CPU
		{C98115AC-8573-4E14-886D-50C3D24D594F}.Release|Any CPU.Build.0 = Release|Any CPU
	EndGlobalSection
	GlobalSection(SolutionProperties) = preSolution
		HideSolutionNode = FALSE
	EndGlobalSection
	GlobalSection(ExtensibilityGlobals) = postSolution
		SolutionGuid = {CA801FE1-152A-4AE4-85CC-4A5E7BC18F98}
	EndGlobalSection
EndGlobal
