
Microsoft Visual Studio Solution File, Format Version 12.00
# Visual Studio Version 17
VisualStudioVersion = 17.11.35219.272
MinimumVisualStudioVersion = 10.0.40219.1
Project("{FAE04EC0-301F-11D3-BF4B-00C04F79EFBC}") = "InfluencerManagerApp", "InfluencerManagerApp.csproj", "{B69CF571-71E3-4EE9-8630-42A7985A0622}"
EndProject
Global
	GlobalSection(SolutionConfigurationPlatforms) = preSolution
		Debug|Any CPU = Debug|Any CPU
		Release|Any CPU = Release|Any CPU
	EndGlobalSection
	GlobalSection(ProjectConfigurationPlatforms) = postSolution
		{B69CF571-71E3-4EE9-8630-42A7985A0622}.Debug|Any CPU.ActiveCfg = Debug|Any CPU
		{B69CF571-71E3-4EE9-8630-42A7985A0622}.Debug|Any CPU.Build.0 = Debug|Any CPU
		{B69CF571-71E3-4EE9-8630-42A7985A0622}.Release|Any CPU.ActiveCfg = Release|Any CPU
		{B69CF571-71E3-4EE9-8630-42A7985A0622}.Release|Any CPU.Build.0 = Release|Any CPU
	EndGlobalSection
	GlobalSection(SolutionProperties) = preSolution
		HideSolutionNode = FALSE
	EndGlobalSection
	GlobalSection(ExtensibilityGlobals) = postSolution
		SolutionGuid = {730D83AD-7F06-4186-B04F-DC77225559D1}
	EndGlobalSection
EndGlobal
