
Microsoft Visual Studio Solution File, Format Version 12.00
# Visual Studio Version 17
VisualStudioVersion = 17.10.34928.147
MinimumVisualStudioVersion = 10.0.40219.1
Project("{FAE04EC0-301F-11D3-BF4B-00C04F79EFBC}") = "Encapsulation.V2", "Encapsulation.V2.csproj", "{1A0CCA4B-8595-4165-A829-CACA32784CD0}"
EndProject
Global
	GlobalSection(SolutionConfigurationPlatforms) = preSolution
		Debug|Any CPU = Debug|Any CPU
		Release|Any CPU = Release|Any CPU
	EndGlobalSection
	GlobalSection(ProjectConfigurationPlatforms) = postSolution
		{1A0CCA4B-8595-4165-A829-CACA32784CD0}.Debug|Any CPU.ActiveCfg = Debug|Any CPU
		{1A0CCA4B-8595-4165-A829-CACA32784CD0}.Debug|Any CPU.Build.0 = Debug|Any CPU
		{1A0CCA4B-8595-4165-A829-CACA32784CD0}.Release|Any CPU.ActiveCfg = Release|Any CPU
		{1A0CCA4B-8595-4165-A829-CACA32784CD0}.Release|Any CPU.Build.0 = Release|Any CPU
	EndGlobalSection
	GlobalSection(SolutionProperties) = preSolution
		HideSolutionNode = FALSE
	EndGlobalSection
	GlobalSection(ExtensibilityGlobals) = postSolution
		SolutionGuid = {1EEC6193-8F22-4956-B013-FE721DDA80A9}
	EndGlobalSection
EndGlobal
