
Microsoft Visual Studio Solution File, Format Version 12.00
# Visual Studio Version 17
VisualStudioVersion = 17.1.32328.378
MinimumVisualStudioVersion = 10.0.40219.1
Project("{FAE04EC0-301F-11D3-BF4B-00C04F79EFBC}") = "SliceOfPie", "SliceOfPie.csproj", "{6AA2DFE1-0599-4118-9D4F-6D1B76E7B17E}"
EndProject
Global
	GlobalSection(SolutionConfigurationPlatforms) = preSolution
		Debug|Any CPU = Debug|Any CPU
		Release|Any CPU = Release|Any CPU
	EndGlobalSection
	GlobalSection(ProjectConfigurationPlatforms) = postSolution
		{6AA2DFE1-0599-4118-9D4F-6D1B76E7B17E}.Debug|Any CPU.ActiveCfg = Debug|Any CPU
		{6AA2DFE1-0599-4118-9D4F-6D1B76E7B17E}.Debug|Any CPU.Build.0 = Debug|Any CPU
		{6AA2DFE1-0599-4118-9D4F-6D1B76E7B17E}.Release|Any CPU.ActiveCfg = Release|Any CPU
		{6AA2DFE1-0599-4118-9D4F-6D1B76E7B17E}.Release|Any CPU.Build.0 = Release|Any CPU
	EndGlobalSection
	GlobalSection(SolutionProperties) = preSolution
		HideSolutionNode = FALSE
	EndGlobalSection
	GlobalSection(ExtensibilityGlobals) = postSolution
		SolutionGuid = {EFA173F5-5FB8-4468-977B-481B2D6AF5A9}
	EndGlobalSection
EndGlobal
