
Microsoft Visual Studio Solution File, Format Version 12.00
# Visual Studio Version 17
VisualStudioVersion = 17.1.32328.378
MinimumVisualStudioVersion = 10.0.40219.1
Project("{FAE04EC0-301F-11D3-BF4B-00C04F79EFBC}") = "dateFormatV2", "dateFormatV2.csproj", "{407EDED0-7182-4652-9693-F9EAAF1CCB3B}"
EndProject
Global
	GlobalSection(SolutionConfigurationPlatforms) = preSolution
		Debug|Any CPU = Debug|Any CPU
		Release|Any CPU = Release|Any CPU
	EndGlobalSection
	GlobalSection(ProjectConfigurationPlatforms) = postSolution
		{407EDED0-7182-4652-9693-F9EAAF1CCB3B}.Debug|Any CPU.ActiveCfg = Debug|Any CPU
		{407EDED0-7182-4652-9693-F9EAAF1CCB3B}.Debug|Any CPU.Build.0 = Debug|Any CPU
		{407EDED0-7182-4652-9693-F9EAAF1CCB3B}.Release|Any CPU.ActiveCfg = Release|Any CPU
		{407EDED0-7182-4652-9693-F9EAAF1CCB3B}.Release|Any CPU.Build.0 = Release|Any CPU
	EndGlobalSection
	GlobalSection(SolutionProperties) = preSolution
		HideSolutionNode = FALSE
	EndGlobalSection
	GlobalSection(ExtensibilityGlobals) = postSolution
		SolutionGuid = {E310CEF5-AC98-49C7-8BF6-5AB59C6EEBD9}
	EndGlobalSection
EndGlobal
