
Microsoft Visual Studio Solution File, Format Version 12.00
# Visual Studio Version 17
VisualStudioVersion = 17.1.32328.378
MinimumVisualStudioVersion = 10.0.40219.1
Project("{FAE04EC0-301F-11D3-BF4B-00C04F79EFBC}") = "PhoneNumberFormatting", "PhoneNumberFormatting.csproj", "{D7227F42-49D8-43AE-BCF6-926470086749}"
EndProject
Global
	GlobalSection(SolutionConfigurationPlatforms) = preSolution
		Debug|Any CPU = Debug|Any CPU
		Release|Any CPU = Release|Any CPU
	EndGlobalSection
	GlobalSection(ProjectConfigurationPlatforms) = postSolution
		{D7227F42-49D8-43AE-BCF6-926470086749}.Debug|Any CPU.ActiveCfg = Debug|Any CPU
		{D7227F42-49D8-43AE-BCF6-926470086749}.Debug|Any CPU.Build.0 = Debug|Any CPU
		{D7227F42-49D8-43AE-BCF6-926470086749}.Release|Any CPU.ActiveCfg = Release|Any CPU
		{D7227F42-49D8-43AE-BCF6-926470086749}.Release|Any CPU.Build.0 = Release|Any CPU
	EndGlobalSection
	GlobalSection(SolutionProperties) = preSolution
		HideSolutionNode = FALSE
	EndGlobalSection
	GlobalSection(ExtensibilityGlobals) = postSolution
		SolutionGuid = {9CEEE915-E37B-43D6-B276-C28C06B27C97}
	EndGlobalSection
EndGlobal
