
Microsoft Visual Studio Solution File, Format Version 12.00
# Visual Studio Version 17
VisualStudioVersion = 17.11.35208.52
MinimumVisualStudioVersion = 10.0.40219.1
Project("{FAE04EC0-301F-11D3-BF4B-00C04F79EFBC}") = "Lab.Encapsulation.Ex2.SalaryIncrease", "Lab.Encapsulation.Ex2.SalaryIncrease.csproj", "{B9D7A61F-0BF0-421E-BA96-50ADA77470CF}"
EndProject
Global
	GlobalSection(SolutionConfigurationPlatforms) = preSolution
		Debug|Any CPU = Debug|Any CPU
		Release|Any CPU = Release|Any CPU
	EndGlobalSection
	GlobalSection(ProjectConfigurationPlatforms) = postSolution
		{B9D7A61F-0BF0-421E-BA96-50ADA77470CF}.Debug|Any CPU.ActiveCfg = Debug|Any CPU
		{B9D7A61F-0BF0-421E-BA96-50ADA77470CF}.Debug|Any CPU.Build.0 = Debug|Any CPU
		{B9D7A61F-0BF0-421E-BA96-50ADA77470CF}.Release|Any CPU.ActiveCfg = Release|Any CPU
		{B9D7A61F-0BF0-421E-BA96-50ADA77470CF}.Release|Any CPU.Build.0 = Release|Any CPU
	EndGlobalSection
	GlobalSection(SolutionProperties) = preSolution
		HideSolutionNode = FALSE
	EndGlobalSection
	GlobalSection(ExtensibilityGlobals) = postSolution
		SolutionGuid = {3B8C5B54-536F-4D54-8B40-6418A7B21D21}
	EndGlobalSection
EndGlobal
