
Microsoft Visual Studio Solution File, Format Version 12.00
# Visual Studio Version 17
VisualStudioVersion = 17.10.34928.147
MinimumVisualStudioVersion = 10.0.40219.1
Project("{FAE04EC0-301F-11D3-BF4B-00C04F79EFBC}") = "Getters.Setters", "Getters.Setters.csproj", "{79D1A923-B48E-4292-8EC2-0712AC4A589B}"
EndProject
Global
	GlobalSection(SolutionConfigurationPlatforms) = preSolution
		Debug|Any CPU = Debug|Any CPU
		Release|Any CPU = Release|Any CPU
	EndGlobalSection
	GlobalSection(ProjectConfigurationPlatforms) = postSolution
		{79D1A923-B48E-4292-8EC2-0712AC4A589B}.Debug|Any CPU.ActiveCfg = Debug|Any CPU
		{79D1A923-B48E-4292-8EC2-0712AC4A589B}.Debug|Any CPU.Build.0 = Debug|Any CPU
		{79D1A923-B48E-4292-8EC2-0712AC4A589B}.Release|Any CPU.ActiveCfg = Release|Any CPU
		{79D1A923-B48E-4292-8EC2-0712AC4A589B}.Release|Any CPU.Build.0 = Release|Any CPU
	EndGlobalSection
	GlobalSection(SolutionProperties) = preSolution
		HideSolutionNode = FALSE
	EndGlobalSection
	GlobalSection(ExtensibilityGlobals) = postSolution
		SolutionGuid = {C36283AA-2C9F-4FEE-945C-95D954AE32CC}
	EndGlobalSection
EndGlobal
