
Microsoft Visual Studio Solution File, Format Version 12.00
# Visual Studio Version 17
VisualStudioVersion = 17.10.34928.147
MinimumVisualStudioVersion = 10.0.40219.1
Project("{FAE04EC0-301F-11D3-BF4B-00C04F79EFBC}") = "Interface", "Interface.csproj", "{560C3C67-48B2-4B57-8D44-5DF4149A7E90}"
EndProject
Global
	GlobalSection(SolutionConfigurationPlatforms) = preSolution
		Debug|Any CPU = Debug|Any CPU
		Release|Any CPU = Release|Any CPU
	EndGlobalSection
	GlobalSection(ProjectConfigurationPlatforms) = postSolution
		{560C3C67-48B2-4B57-8D44-5DF4149A7E90}.Debug|Any CPU.ActiveCfg = Debug|Any CPU
		{560C3C67-48B2-4B57-8D44-5DF4149A7E90}.Debug|Any CPU.Build.0 = Debug|Any CPU
		{560C3C67-48B2-4B57-8D44-5DF4149A7E90}.Release|Any CPU.ActiveCfg = Release|Any CPU
		{560C3C67-48B2-4B57-8D44-5DF4149A7E90}.Release|Any CPU.Build.0 = Release|Any CPU
	EndGlobalSection
	GlobalSection(SolutionProperties) = preSolution
		HideSolutionNode = FALSE
	EndGlobalSection
	GlobalSection(ExtensibilityGlobals) = postSolution
		SolutionGuid = {758C4EDA-06B8-4C34-8C02-DC2297FFF266}
	EndGlobalSection
EndGlobal
