
Microsoft Visual Studio Solution File, Format Version 12.00
# Visual Studio Version 17
VisualStudioVersion = 17.9.34728.123
MinimumVisualStudioVersion = 10.0.40219.1
Project("{FAE04EC0-301F-11D3-BF4B-00C04F79EFBC}") = "Articles", "Articles.csproj", "{E5B2D52B-37EB-4F85-9E91-F2CE67F344F8}"
EndProject
Global
	GlobalSection(SolutionConfigurationPlatforms) = preSolution
		Debug|Any CPU = Debug|Any CPU
		Release|Any CPU = Release|Any CPU
	EndGlobalSection
	GlobalSection(ProjectConfigurationPlatforms) = postSolution
		{E5B2D52B-37EB-4F85-9E91-F2CE67F344F8}.Debug|Any CPU.ActiveCfg = Debug|Any CPU
		{E5B2D52B-37EB-4F85-9E91-F2CE67F344F8}.Debug|Any CPU.Build.0 = Debug|Any CPU
		{E5B2D52B-37EB-4F85-9E91-F2CE67F344F8}.Release|Any CPU.ActiveCfg = Release|Any CPU
		{E5B2D52B-37EB-4F85-9E91-F2CE67F344F8}.Release|Any CPU.Build.0 = Release|Any CPU
	EndGlobalSection
	GlobalSection(SolutionProperties) = preSolution
		HideSolutionNode = FALSE
	EndGlobalSection
	GlobalSection(ExtensibilityGlobals) = postSolution
		SolutionGuid = {6594FBF3-948B-4C49-B158-3225C54DE946}
	EndGlobalSection
EndGlobal
