
Microsoft Visual Studio Solution File, Format Version 12.00
# Visual Studio Version 17
VisualStudioVersion = 17.10.34928.147
MinimumVisualStudioVersion = 10.0.40219.1
Project("{FAE04EC0-301F-11D3-BF4B-00C04F79EFBC}") = "Lab.Inheritance.Ex5", "Lab.Inheritance.Ex5.csproj", "{94E890CF-4BE6-4A65-994E-5ACCF1E43625}"
EndProject
Global
	GlobalSection(SolutionConfigurationPlatforms) = preSolution
		Debug|Any CPU = Debug|Any CPU
		Release|Any CPU = Release|Any CPU
	EndGlobalSection
	GlobalSection(ProjectConfigurationPlatforms) = postSolution
		{94E890CF-4BE6-4A65-994E-5ACCF1E43625}.Debug|Any CPU.ActiveCfg = Debug|Any CPU
		{94E890CF-4BE6-4A65-994E-5ACCF1E43625}.Debug|Any CPU.Build.0 = Debug|Any CPU
		{94E890CF-4BE6-4A65-994E-5ACCF1E43625}.Release|Any CPU.ActiveCfg = Release|Any CPU
		{94E890CF-4BE6-4A65-994E-5ACCF1E43625}.Release|Any CPU.Build.0 = Release|Any CPU
	EndGlobalSection
	GlobalSection(SolutionProperties) = preSolution
		HideSolutionNode = FALSE
	EndGlobalSection
	GlobalSection(ExtensibilityGlobals) = postSolution
		SolutionGuid = {CDFA5BC4-A258-48B6-8F00-3D86F238E7A7}
	EndGlobalSection
EndGlobal
