
Microsoft Visual Studio Solution File, Format Version 12.00
# Visual Studio Version 17
VisualStudioVersion = 17.9.34728.123
MinimumVisualStudioVersion = 10.0.40219.1
Project("{FAE04EC0-301F-11D3-BF4B-00C04F79EFBC}") = "daysUntilExpiration", "daysUntilExpiration.csproj", "{0BAA7357-6FE2-4D9F-82B0-446ED7B263A3}"
EndProject
Global
	GlobalSection(SolutionConfigurationPlatforms) = preSolution
		Debug|Any CPU = Debug|Any CPU
		Release|Any CPU = Release|Any CPU
	EndGlobalSection
	GlobalSection(ProjectConfigurationPlatforms) = postSolution
		{0BAA7357-6FE2-4D9F-82B0-446ED7B263A3}.Debug|Any CPU.ActiveCfg = Debug|Any CPU
		{0BAA7357-6FE2-4D9F-82B0-446ED7B263A3}.Debug|Any CPU.Build.0 = Debug|Any CPU
		{0BAA7357-6FE2-4D9F-82B0-446ED7B263A3}.Release|Any CPU.ActiveCfg = Release|Any CPU
		{0BAA7357-6FE2-4D9F-82B0-446ED7B263A3}.Release|Any CPU.Build.0 = Release|Any CPU
	EndGlobalSection
	GlobalSection(SolutionProperties) = preSolution
		HideSolutionNode = FALSE
	EndGlobalSection
	GlobalSection(ExtensibilityGlobals) = postSolution
		SolutionGuid = {989DCFE1-204D-42A3-A6D5-E32D9C5EA21D}
	EndGlobalSection
EndGlobal
